Microsoft Visual Studio Solution File, Format Version 7.00
Project("{8BC9CEB8-8B4A-11D0-8D11-00A0C91BC942}") = "Zidrav", "Zidrav.vcproj", "{FFCAE1EF-79EB-4D00-B810-4C0E08942ABB}"
EndProject
Global
	GlobalSection(SolutionConfiguration) = preSolution
		ConfigName.0 = Debug
		ConfigName.1 = Release
	EndGlobalSection
	GlobalSection(ProjectDependencies) = postSolution
	EndGlobalSection
	GlobalSection(ProjectConfiguration) = postSolution
		{FFCAE1EF-79EB-4D00-B810-4C0E08942ABB}.Debug.ActiveCfg = Debug|Win32
		{FFCAE1EF-79EB-4D00-B810-4C0E08942ABB}.Debug.Build.0 = Debug|Win32
		{FFCAE1EF-79EB-4D00-B810-4C0E08942ABB}.Release.ActiveCfg = Release|Win32
		{FFCAE1EF-79EB-4D00-B810-4C0E08942ABB}.Release.Build.0 = Release|Win32
	EndGlobalSection
	GlobalSection(ExtensibilityGlobals) = postSolution
	EndGlobalSection
	GlobalSection(ExtensibilityAddIns) = postSolution
	EndGlobalSection
EndGlobal
